
Microsoft Visual Studio Solution File, Format Version 12.00
# Visual Studio Version 17
VisualStudioVersion = 17.0.31903.59
MinimumVisualStudioVersion = 10.0.40219.1
Project("{2150E333-8FDC-42A3-9474-1A3956D46DE8}") = "src", "src", "{B6921114-0968-434D-8C03-4308CEAC9365}"
EndProject
Project("{F2A71F9B-5D33-465A-A702-920D77279786}") = "CSP.Core", "src\CSP.Core\CSP.Core.fsproj", "{E73371BE-4B33-4C7F-AEF2-D008544F4CB7}"
EndProject
Project("{2150E333-8FDC-42A3-9474-1A3956D46DE8}") = "tests", "tests", "{AC69AFD3-6A70-4BAA-9F53-7D3FD7C9D8D0}"
EndProject
Project("{F2A71F9B-5D33-465A-A702-920D77279786}") = "CSP.Core.Tests", "tests\CSP.Core.Tests\CSP.Core.Tests.fsproj", "{88B222E0-BB11-4036-B0A2-A84912829A10}"
EndProject
Project("{F2A71F9B-5D33-465A-A702-920D77279786}") = "CSP.Model.GHApp.Graphviz", "src\CSP.Model.GHApp.Graphviz\CSP.Model.GHApp.Graphviz.fsproj", "{6C57FF69-58F3-46F4-900E-B38C54BE5F40}"
EndProject
Project("{F2A71F9B-5D33-465A-A702-920D77279786}") = "CSP.Core.CLI", "src\CSP.Core.CLI\CSP.Core.CLI.fsproj", "{20B02020-9589-4760-9D54-7D6D14B9D4C3}"
EndProject
Project("{F2A71F9B-5D33-465A-A702-920D77279786}") = "CSP.Model.GHApp.Interpreter", "src\CSP.Model.GHApp.Interpreter\CSP.Model.GHApp.Interpreter.fsproj", "{A7CD9871-FA37-4AE4-9C6F-A19517DC2276}"
EndProject
Project("{F2A71F9B-5D33-465A-A702-920D77279786}") = "CSP.Model.GHApp", "src\CSP.Model.GHApp\CSP.Model.GHApp.fsproj", "{5BAA1931-50EF-4660-8056-10BEAB67F8DA}"
EndProject
Global
	GlobalSection(SolutionConfigurationPlatforms) = preSolution
		Debug|Any CPU = Debug|Any CPU
		Release|Any CPU = Release|Any CPU
	EndGlobalSection
	GlobalSection(SolutionProperties) = preSolution
		HideSolutionNode = FALSE
	EndGlobalSection
	GlobalSection(ProjectConfigurationPlatforms) = postSolution
		{E73371BE-4B33-4C7F-AEF2-D008544F4CB7}.Debug|Any CPU.ActiveCfg = Debug|Any CPU
		{E73371BE-4B33-4C7F-AEF2-D008544F4CB7}.Debug|Any CPU.Build.0 = Debug|Any CPU
		{E73371BE-4B33-4C7F-AEF2-D008544F4CB7}.Release|Any CPU.ActiveCfg = Release|Any CPU
		{E73371BE-4B33-4C7F-AEF2-D008544F4CB7}.Release|Any CPU.Build.0 = Release|Any CPU
		{88B222E0-BB11-4036-B0A2-A84912829A10}.Debug|Any CPU.ActiveCfg = Debug|Any CPU
		{88B222E0-BB11-4036-B0A2-A84912829A10}.Debug|Any CPU.Build.0 = Debug|Any CPU
		{88B222E0-BB11-4036-B0A2-A84912829A10}.Release|Any CPU.ActiveCfg = Release|Any CPU
		{88B222E0-BB11-4036-B0A2-A84912829A10}.Release|Any CPU.Build.0 = Release|Any CPU
		{6C57FF69-58F3-46F4-900E-B38C54BE5F40}.Debug|Any CPU.ActiveCfg = Debug|Any CPU
		{6C57FF69-58F3-46F4-900E-B38C54BE5F40}.Debug|Any CPU.Build.0 = Debug|Any CPU
		{6C57FF69-58F3-46F4-900E-B38C54BE5F40}.Release|Any CPU.ActiveCfg = Release|Any CPU
		{6C57FF69-58F3-46F4-900E-B38C54BE5F40}.Release|Any CPU.Build.0 = Release|Any CPU
		{20B02020-9589-4760-9D54-7D6D14B9D4C3}.Debug|Any CPU.ActiveCfg = Debug|Any CPU
		{20B02020-9589-4760-9D54-7D6D14B9D4C3}.Debug|Any CPU.Build.0 = Debug|Any CPU
		{20B02020-9589-4760-9D54-7D6D14B9D4C3}.Release|Any CPU.ActiveCfg = Release|Any CPU
		{20B02020-9589-4760-9D54-7D6D14B9D4C3}.Release|Any CPU.Build.0 = Release|Any CPU
		{A7CD9871-FA37-4AE4-9C6F-A19517DC2276}.Debug|Any CPU.ActiveCfg = Debug|Any CPU
		{A7CD9871-FA37-4AE4-9C6F-A19517DC2276}.Debug|Any CPU.Build.0 = Debug|Any CPU
		{A7CD9871-FA37-4AE4-9C6F-A19517DC2276}.Release|Any CPU.ActiveCfg = Release|Any CPU
		{A7CD9871-FA37-4AE4-9C6F-A19517DC2276}.Release|Any CPU.Build.0 = Release|Any CPU
		{5BAA1931-50EF-4660-8056-10BEAB67F8DA}.Debug|Any CPU.ActiveCfg = Debug|Any CPU
		{5BAA1931-50EF-4660-8056-10BEAB67F8DA}.Debug|Any CPU.Build.0 = Debug|Any CPU
		{5BAA1931-50EF-4660-8056-10BEAB67F8DA}.Release|Any CPU.ActiveCfg = Release|Any CPU
		{5BAA1931-50EF-4660-8056-10BEAB67F8DA}.Release|Any CPU.Build.0 = Release|Any CPU
	EndGlobalSection
	GlobalSection(NestedProjects) = preSolution
		{E73371BE-4B33-4C7F-AEF2-D008544F4CB7} = {B6921114-0968-434D-8C03-4308CEAC9365}
		{88B222E0-BB11-4036-B0A2-A84912829A10} = {AC69AFD3-6A70-4BAA-9F53-7D3FD7C9D8D0}
		{6C57FF69-58F3-46F4-900E-B38C54BE5F40} = {B6921114-0968-434D-8C03-4308CEAC9365}
		{20B02020-9589-4760-9D54-7D6D14B9D4C3} = {B6921114-0968-434D-8C03-4308CEAC9365}
		{A7CD9871-FA37-4AE4-9C6F-A19517DC2276} = {B6921114-0968-434D-8C03-4308CEAC9365}
		{5BAA1931-50EF-4660-8056-10BEAB67F8DA} = {B6921114-0968-434D-8C03-4308CEAC9365}
	EndGlobalSection
EndGlobal
