
Microsoft Visual Studio Solution File, Format Version 12.00
# Visual Studio Version 17
VisualStudioVersion = 17.0.31903.59
MinimumVisualStudioVersion = 10.0.40219.1
Project("{2150E333-8FDC-42A3-9474-1A3956D46DE8}") = "src", "src", "{B6921114-0968-434D-8C03-4308CEAC9365}"
EndProject
Project("{F2A71F9B-5D33-465A-A702-920D77279786}") = "CSP.Core", "src\CSP.Core\CSP.Core.fsproj", "{E73371BE-4B33-4C7F-AEF2-D008544F4CB7}"
EndProject
Project("{2150E333-8FDC-42A3-9474-1A3956D46DE8}") = "tests", "tests", "{AC69AFD3-6A70-4BAA-9F53-7D3FD7C9D8D0}"
EndProject
Project("{F2A71F9B-5D33-465A-A702-920D77279786}") = "CSP.Core.Tests", "tests\CSP.Core.Tests\CSP.Core.Tests.fsproj", "{88B222E0-BB11-4036-B0A2-A84912829A10}"
EndProject
Project("{F2A71F9B-5D33-465A-A702-920D77279786}") = "CSP.Core.CLI", "src\CSP.Core.CLI\CSP.Core.CLI.fsproj", "{20B02020-9589-4760-9D54-7D6D14B9D4C3}"
EndProject
Project("{F2A71F9B-5D33-465A-A702-920D77279786}") = "CSP.Model.GHApp", "src\CSP.Model.GHApp\CSP.Model.GHApp.fsproj", "{5BAA1931-50EF-4660-8056-10BEAB67F8DA}"
EndProject
Project("{F2A71F9B-5D33-465A-A702-920D77279786}") = "CSP.Core.TestUtil", "tests\CSP.Core.TestUtil\CSP.Core.TestUtil.fsproj", "{4AC0D61F-6010-40F7-BF39-248CF721C36E}"
EndProject
Project("{F2A71F9B-5D33-465A-A702-920D77279786}") = "CSP.Core.Util", "src\CSP.Core.Util\CSP.Core.Util.fsproj", "{AFA67449-6E9C-43D2-9F06-91F78EF63A55}"
EndProject
Project("{F2A71F9B-5D33-465A-A702-920D77279786}") = "CSP.Core.UtilTests", "tests\CSP.Core.UtilTests\CSP.Core.UtilTests.fsproj", "{0FAF3B56-2541-4AFB-9C67-BBD9E65FA520}"
EndProject
Project("{F2A71F9B-5D33-465A-A702-920D77279786}") = "CSP.Core.Visualization", "src\CSP.Core.Visualization\CSP.Core.Visualization.fsproj", "{710E8C92-37A5-4D19-9F8C-3D6E1808C31F}"
EndProject
Project("{F2A71F9B-5D33-465A-A702-920D77279786}") = "CSP.Core.TypeCheck", "src\CSP.Core.TypeCheck\CSP.Core.TypeCheck.fsproj", "{51560BE2-FDAB-46DF-9A7A-BFB23E5D6795}"
EndProject
Project("{F2A71F9B-5D33-465A-A702-920D77279786}") = "CSP.Core.TypeCheck.Tests", "tests\CSP.Core.TypeCheck.Tests\CSP.Core.TypeCheck.Tests.fsproj", "{E2FFB224-5578-4A16-8421-53C866371085}"
EndProject
Project("{F2A71F9B-5D33-465A-A702-920D77279786}") = "CSP.Core.Visualization.Tests", "tests\CSP.Core.Visualization.Tests\CSP.Core.Visualization.Tests.fsproj", "{9E45E708-5954-4889-BCF0-2BB8D63BCCD9}"
EndProject
Project("{F2A71F9B-5D33-465A-A702-920D77279786}") = "CSP.Model.Examples", "src\CSP.Model.Examples\CSP.Model.Examples.fsproj", "{BE1F41D8-1A31-4A85-BEBB-CBEF8E1D236E}"
EndProject
Project("{F2A71F9B-5D33-465A-A702-920D77279786}") = "CSP.Core.Sexp", "src\CSP.Core.Sexp\CSP.Core.Sexp.fsproj", "{2C1D7D5E-AF40-4AEC-9A2A-FF3C6F89EB7B}"
EndProject
Project("{F2A71F9B-5D33-465A-A702-920D77279786}") = "CSP.Core.Sexp.Parser.Tests", "tests\CSP.Core.Sexp.Parser.Tests\CSP.Core.Sexp.Parser.Tests.fsproj", "{F05108F1-D179-4800-8172-D84A329BA58B}"
EndProject
Project("{F2A71F9B-5D33-465A-A702-920D77279786}") = "CSP.Core.Exe", "src\CSP.Core.Exe\CSP.Core.Exe.fsproj", "{EA7CCF9A-BC86-4491-A7FE-BB64304B1CD4}"
EndProject
Project("{F2A71F9B-5D33-465A-A702-920D77279786}") = "CSP.Core.Interpreter", "src\CSP.Core.Interpreter\CSP.Core.Interpreter.fsproj", "{6A01EA14-49E9-4286-905E-EC15D11D8E56}"
EndProject
Global
	GlobalSection(SolutionConfigurationPlatforms) = preSolution
		Debug|Any CPU = Debug|Any CPU
		Release|Any CPU = Release|Any CPU
	EndGlobalSection
	GlobalSection(SolutionProperties) = preSolution
		HideSolutionNode = FALSE
	EndGlobalSection
	GlobalSection(ProjectConfigurationPlatforms) = postSolution
		{E73371BE-4B33-4C7F-AEF2-D008544F4CB7}.Debug|Any CPU.ActiveCfg = Debug|Any CPU
		{E73371BE-4B33-4C7F-AEF2-D008544F4CB7}.Debug|Any CPU.Build.0 = Debug|Any CPU
		{E73371BE-4B33-4C7F-AEF2-D008544F4CB7}.Release|Any CPU.ActiveCfg = Release|Any CPU
		{E73371BE-4B33-4C7F-AEF2-D008544F4CB7}.Release|Any CPU.Build.0 = Release|Any CPU
		{88B222E0-BB11-4036-B0A2-A84912829A10}.Debug|Any CPU.ActiveCfg = Debug|Any CPU
		{88B222E0-BB11-4036-B0A2-A84912829A10}.Debug|Any CPU.Build.0 = Debug|Any CPU
		{88B222E0-BB11-4036-B0A2-A84912829A10}.Release|Any CPU.ActiveCfg = Release|Any CPU
		{88B222E0-BB11-4036-B0A2-A84912829A10}.Release|Any CPU.Build.0 = Release|Any CPU
		{20B02020-9589-4760-9D54-7D6D14B9D4C3}.Debug|Any CPU.ActiveCfg = Debug|Any CPU
		{20B02020-9589-4760-9D54-7D6D14B9D4C3}.Debug|Any CPU.Build.0 = Debug|Any CPU
		{20B02020-9589-4760-9D54-7D6D14B9D4C3}.Release|Any CPU.ActiveCfg = Release|Any CPU
		{20B02020-9589-4760-9D54-7D6D14B9D4C3}.Release|Any CPU.Build.0 = Release|Any CPU
		{5BAA1931-50EF-4660-8056-10BEAB67F8DA}.Debug|Any CPU.ActiveCfg = Debug|Any CPU
		{5BAA1931-50EF-4660-8056-10BEAB67F8DA}.Debug|Any CPU.Build.0 = Debug|Any CPU
		{5BAA1931-50EF-4660-8056-10BEAB67F8DA}.Release|Any CPU.ActiveCfg = Release|Any CPU
		{5BAA1931-50EF-4660-8056-10BEAB67F8DA}.Release|Any CPU.Build.0 = Release|Any CPU
		{4AC0D61F-6010-40F7-BF39-248CF721C36E}.Debug|Any CPU.ActiveCfg = Debug|Any CPU
		{4AC0D61F-6010-40F7-BF39-248CF721C36E}.Debug|Any CPU.Build.0 = Debug|Any CPU
		{4AC0D61F-6010-40F7-BF39-248CF721C36E}.Release|Any CPU.ActiveCfg = Release|Any CPU
		{4AC0D61F-6010-40F7-BF39-248CF721C36E}.Release|Any CPU.Build.0 = Release|Any CPU
		{AFA67449-6E9C-43D2-9F06-91F78EF63A55}.Debug|Any CPU.ActiveCfg = Debug|Any CPU
		{AFA67449-6E9C-43D2-9F06-91F78EF63A55}.Debug|Any CPU.Build.0 = Debug|Any CPU
		{AFA67449-6E9C-43D2-9F06-91F78EF63A55}.Release|Any CPU.ActiveCfg = Release|Any CPU
		{AFA67449-6E9C-43D2-9F06-91F78EF63A55}.Release|Any CPU.Build.0 = Release|Any CPU
		{0FAF3B56-2541-4AFB-9C67-BBD9E65FA520}.Debug|Any CPU.ActiveCfg = Debug|Any CPU
		{0FAF3B56-2541-4AFB-9C67-BBD9E65FA520}.Debug|Any CPU.Build.0 = Debug|Any CPU
		{0FAF3B56-2541-4AFB-9C67-BBD9E65FA520}.Release|Any CPU.ActiveCfg = Release|Any CPU
		{0FAF3B56-2541-4AFB-9C67-BBD9E65FA520}.Release|Any CPU.Build.0 = Release|Any CPU
		{710E8C92-37A5-4D19-9F8C-3D6E1808C31F}.Debug|Any CPU.ActiveCfg = Debug|Any CPU
		{710E8C92-37A5-4D19-9F8C-3D6E1808C31F}.Debug|Any CPU.Build.0 = Debug|Any CPU
		{710E8C92-37A5-4D19-9F8C-3D6E1808C31F}.Release|Any CPU.ActiveCfg = Release|Any CPU
		{710E8C92-37A5-4D19-9F8C-3D6E1808C31F}.Release|Any CPU.Build.0 = Release|Any CPU
		{51560BE2-FDAB-46DF-9A7A-BFB23E5D6795}.Debug|Any CPU.ActiveCfg = Debug|Any CPU
		{51560BE2-FDAB-46DF-9A7A-BFB23E5D6795}.Debug|Any CPU.Build.0 = Debug|Any CPU
		{51560BE2-FDAB-46DF-9A7A-BFB23E5D6795}.Release|Any CPU.ActiveCfg = Release|Any CPU
		{51560BE2-FDAB-46DF-9A7A-BFB23E5D6795}.Release|Any CPU.Build.0 = Release|Any CPU
		{E2FFB224-5578-4A16-8421-53C866371085}.Debug|Any CPU.ActiveCfg = Debug|Any CPU
		{E2FFB224-5578-4A16-8421-53C866371085}.Debug|Any CPU.Build.0 = Debug|Any CPU
		{E2FFB224-5578-4A16-8421-53C866371085}.Release|Any CPU.ActiveCfg = Release|Any CPU
		{E2FFB224-5578-4A16-8421-53C866371085}.Release|Any CPU.Build.0 = Release|Any CPU
		{9E45E708-5954-4889-BCF0-2BB8D63BCCD9}.Debug|Any CPU.ActiveCfg = Debug|Any CPU
		{9E45E708-5954-4889-BCF0-2BB8D63BCCD9}.Debug|Any CPU.Build.0 = Debug|Any CPU
		{9E45E708-5954-4889-BCF0-2BB8D63BCCD9}.Release|Any CPU.ActiveCfg = Release|Any CPU
		{9E45E708-5954-4889-BCF0-2BB8D63BCCD9}.Release|Any CPU.Build.0 = Release|Any CPU
		{BE1F41D8-1A31-4A85-BEBB-CBEF8E1D236E}.Debug|Any CPU.ActiveCfg = Debug|Any CPU
		{BE1F41D8-1A31-4A85-BEBB-CBEF8E1D236E}.Debug|Any CPU.Build.0 = Debug|Any CPU
		{BE1F41D8-1A31-4A85-BEBB-CBEF8E1D236E}.Release|Any CPU.ActiveCfg = Release|Any CPU
		{BE1F41D8-1A31-4A85-BEBB-CBEF8E1D236E}.Release|Any CPU.Build.0 = Release|Any CPU
		{2C1D7D5E-AF40-4AEC-9A2A-FF3C6F89EB7B}.Debug|Any CPU.ActiveCfg = Debug|Any CPU
		{2C1D7D5E-AF40-4AEC-9A2A-FF3C6F89EB7B}.Debug|Any CPU.Build.0 = Debug|Any CPU
		{2C1D7D5E-AF40-4AEC-9A2A-FF3C6F89EB7B}.Release|Any CPU.ActiveCfg = Release|Any CPU
		{2C1D7D5E-AF40-4AEC-9A2A-FF3C6F89EB7B}.Release|Any CPU.Build.0 = Release|Any CPU
		{F05108F1-D179-4800-8172-D84A329BA58B}.Debug|Any CPU.ActiveCfg = Debug|Any CPU
		{F05108F1-D179-4800-8172-D84A329BA58B}.Debug|Any CPU.Build.0 = Debug|Any CPU
		{F05108F1-D179-4800-8172-D84A329BA58B}.Release|Any CPU.ActiveCfg = Release|Any CPU
		{F05108F1-D179-4800-8172-D84A329BA58B}.Release|Any CPU.Build.0 = Release|Any CPU
		{EA7CCF9A-BC86-4491-A7FE-BB64304B1CD4}.Debug|Any CPU.ActiveCfg = Debug|Any CPU
		{EA7CCF9A-BC86-4491-A7FE-BB64304B1CD4}.Debug|Any CPU.Build.0 = Debug|Any CPU
		{EA7CCF9A-BC86-4491-A7FE-BB64304B1CD4}.Release|Any CPU.ActiveCfg = Release|Any CPU
		{EA7CCF9A-BC86-4491-A7FE-BB64304B1CD4}.Release|Any CPU.Build.0 = Release|Any CPU
		{6A01EA14-49E9-4286-905E-EC15D11D8E56}.Debug|Any CPU.ActiveCfg = Debug|Any CPU
		{6A01EA14-49E9-4286-905E-EC15D11D8E56}.Debug|Any CPU.Build.0 = Debug|Any CPU
		{6A01EA14-49E9-4286-905E-EC15D11D8E56}.Release|Any CPU.ActiveCfg = Release|Any CPU
		{6A01EA14-49E9-4286-905E-EC15D11D8E56}.Release|Any CPU.Build.0 = Release|Any CPU
	EndGlobalSection
	GlobalSection(NestedProjects) = preSolution
		{E73371BE-4B33-4C7F-AEF2-D008544F4CB7} = {B6921114-0968-434D-8C03-4308CEAC9365}
		{88B222E0-BB11-4036-B0A2-A84912829A10} = {AC69AFD3-6A70-4BAA-9F53-7D3FD7C9D8D0}
		{20B02020-9589-4760-9D54-7D6D14B9D4C3} = {B6921114-0968-434D-8C03-4308CEAC9365}
		{5BAA1931-50EF-4660-8056-10BEAB67F8DA} = {B6921114-0968-434D-8C03-4308CEAC9365}
		{4AC0D61F-6010-40F7-BF39-248CF721C36E} = {AC69AFD3-6A70-4BAA-9F53-7D3FD7C9D8D0}
		{AFA67449-6E9C-43D2-9F06-91F78EF63A55} = {B6921114-0968-434D-8C03-4308CEAC9365}
		{0FAF3B56-2541-4AFB-9C67-BBD9E65FA520} = {AC69AFD3-6A70-4BAA-9F53-7D3FD7C9D8D0}
		{710E8C92-37A5-4D19-9F8C-3D6E1808C31F} = {B6921114-0968-434D-8C03-4308CEAC9365}
		{51560BE2-FDAB-46DF-9A7A-BFB23E5D6795} = {B6921114-0968-434D-8C03-4308CEAC9365}
		{E2FFB224-5578-4A16-8421-53C866371085} = {AC69AFD3-6A70-4BAA-9F53-7D3FD7C9D8D0}
		{9E45E708-5954-4889-BCF0-2BB8D63BCCD9} = {AC69AFD3-6A70-4BAA-9F53-7D3FD7C9D8D0}
		{BE1F41D8-1A31-4A85-BEBB-CBEF8E1D236E} = {B6921114-0968-434D-8C03-4308CEAC9365}
		{2C1D7D5E-AF40-4AEC-9A2A-FF3C6F89EB7B} = {B6921114-0968-434D-8C03-4308CEAC9365}
		{F05108F1-D179-4800-8172-D84A329BA58B} = {AC69AFD3-6A70-4BAA-9F53-7D3FD7C9D8D0}
		{EA7CCF9A-BC86-4491-A7FE-BB64304B1CD4} = {B6921114-0968-434D-8C03-4308CEAC9365}
		{6A01EA14-49E9-4286-905E-EC15D11D8E56} = {B6921114-0968-434D-8C03-4308CEAC9365}
	EndGlobalSection
EndGlobal
